{
  "name": "videoai-music",
  "version": "1.0.0",
  "lockfileVersion": 3,
  "requires": true,
  "packages": {
    "": {
      "name": "videoai-music",
      "version": "1.0.0",
      "dependencies": {
        "@huggingface/inference": "^4.13.23"
      },
      "engines": {
        "node": ">=18"
      }
    },
    "node_modules/@huggingface/inference": {
      "version": "4.13.23",
      "resolved": "https://registry.npmjs.org/@huggingface/inference/-/inference-4.13.23.tgz",
      "integrity": "sha512-sUi2+AZP0Gda1zBXDl3HZo3O/qJnhUks53e7DKD4s+igo3ccbbULWvCZrU99M/nqDMSWCcZQxJCX8mH+OHNy2g==",
      "license": "MIT",
      "dependencies": {
        "@huggingface/jinja": "^0.5.9",
        "@huggingface/tasks": "^0.21.25"
      },
      "engines": {
        "node": ">=18"
      }
    },
    "node_modules/@huggingface/jinja": {
      "version": "0.5.9",
      "resolved": "https://registry.npmjs.org/@huggingface/jinja/-/jinja-0.5.9.tgz",
      "integrity": "sha512-uWTG+l3VJRsl7EXxYizuL3P+cCPoc3cRqbWWRcQN0FhejRfbdq0RNhCmbY/YDtnTcz9icdLYuLDjsnz4d8JMuw==",
      "license": "MIT",
      "engines": {
        "node": ">=18"
      }
    },
    "node_modules/@huggingface/tasks": {
      "version": "0.21.26",
      "resolved": "https://registry.npmjs.org/@huggingface/tasks/-/tasks-0.21.26.tgz",
      "integrity": "sha512-6QGX2qBFEf3zU+qRz+kSTI8weoUpLtNINnl8i7NUC+VB1UBxKvgPrXGCLEEkUwcRGqC0DBpJBwB0OPFg1Aa25g==",
      "license": "MIT"
    }
  }
}
